
Microsoft Visual Studio Solution File, Format Version 12.00
# Visual Studio 14
VisualStudioVersion = 14.0.23107.0
MinimumVisualStudioVersion = 10.0.40219.1
Project("{FAE04EC0-301F-11D3-BF4B-00C04F79EFBC}") = "Benchmarks.HtmlParsers", "Benchmarks.HtmlParsers\Benchmarks.HtmlParsers.csproj", "{370D1E85-725D-4665-9600-04018F5FAE8F}"
EndProject
Global
	GlobalSection(SolutionConfigurationPlatforms) = preSolution
		Debug|Any CPU = Debug|Any CPU
		Release|Any CPU = Release|Any CPU
	EndGlobalSection
	GlobalSection(ProjectConfigurationPlatforms) = postSolution
		{370D1E85-725D-4665-9600-04018F5FAE8F}.Debug|Any CPU.ActiveCfg = Debug|Any CPU
		{370D1E85-725D-4665-9600-04018F5FAE8F}.Debug|Any CPU.Build.0 = Debug|Any CPU
		{370D1E85-725D-4665-9600-04018F5FAE8F}.Release|Any CPU.ActiveCfg = Release|Any CPU
		{370D1E85-725D-4665-9600-04018F5FAE8F}.Release|Any CPU.Build.0 = Release|Any CPU
	EndGlobalSection
	GlobalSection(SolutionProperties) = preSolution
		HideSolutionNode = FALSE
	EndGlobalSection
EndGlobal
